Microsoft Visual Studio Solution File, Format Version 12.00
# Visual Studio Version 17
VisualStudioVersion = 17.5.2.0
MinimumVisualStudioVersion = 10.0.40219.1
Project("{FAE04EC0-301F-11D3-BF4B-00C04F79EFBC}") = "Que.2", "Que.2.csproj", "{6127D9BE-1E4C-1073-0E51-1FD33F6BCF61}"
EndProject
Global
	GlobalSection(SolutionConfigurationPlatforms) = preSolution
		Debug|Any CPU = Debug|Any CPU
		Release|Any CPU = Release|Any CPU
	EndGlobalSection
	GlobalSection(ProjectConfigurationPlatforms) = postSolution
		{6127D9BE-1E4C-1073-0E51-1FD33F6BCF61}.Debug|Any CPU.ActiveCfg = Debug|Any CPU
		{6127D9BE-1E4C-1073-0E51-1FD33F6BCF61}.Debug|Any CPU.Build.0 = Debug|Any CPU
		{6127D9BE-1E4C-1073-0E51-1FD33F6BCF61}.Release|Any CPU.ActiveCfg = Release|Any CPU
		{6127D9BE-1E4C-1073-0E51-1FD33F6BCF61}.Release|Any CPU.Build.0 = Release|Any CPU
	EndGlobalSection
	GlobalSection(SolutionProperties) = preSolution
		HideSolutionNode = FALSE
	EndGlobalSection
	GlobalSection(ExtensibilityGlobals) = postSolution
		SolutionGuid = {27DF9070-EAF4-4327-8496-5ADFB795320A}
	EndGlobalSection
EndGlobal
